
Microsoft Visual Studio Solution File, Format Version 12.00
# Visual Studio Version 17
VisualStudioVersion = 17.3.32929.385
MinimumVisualStudioVersion = 10.0.40219.1
Project("{FAE04EC0-301F-11D3-BF4B-00C04F79EFBC}") = "Task4", "Task4\Task4.csproj", "{61ED279A-6306-4132-AE19-48C79A7A3AF3}"
EndProject
Global
	GlobalSection(SolutionConfigurationPlatforms) = preSolution
		Debug|Any CPU = Debug|Any CPU
		Release|Any CPU = Release|Any CPU
	EndGlobalSection
	GlobalSection(ProjectConfigurationPlatforms) = postSolution
		{61ED279A-6306-4132-AE19-48C79A7A3AF3}.Debug|Any CPU.ActiveCfg = Debug|Any CPU
		{61ED279A-6306-4132-AE19-48C79A7A3AF3}.Debug|Any CPU.Build.0 = Debug|Any CPU
		{61ED279A-6306-4132-AE19-48C79A7A3AF3}.Release|Any CPU.ActiveCfg = Release|Any CPU
		{61ED279A-6306-4132-AE19-48C79A7A3AF3}.Release|Any CPU.Build.0 = Release|Any CPU
	EndGlobalSection
	GlobalSection(SolutionProperties) = preSolution
		HideSolutionNode = FALSE
	EndGlobalSection
	GlobalSection(ExtensibilityGlobals) = postSolution
		SolutionGuid = {A5F2FEA7-D5C3-45DF-8F01-6217D50B6417}
	EndGlobalSection
EndGlobal
